// !$*UTF8*$!
{
	archiveVersion = 1;
	classes = {
	};
	objectVersion = 51;
	objects = {

/* Begin PBXBuildFile section */
		0A8DD75E66FFC9A7E717F410 /* Pods_DavidPrototype.framework in Frameworks */ = {isa = PBXBuildFile; fileRef = F9BD032D105964ED83183C8E /* Pods_DavidPrototype.framework */; };
		CB662B3B2518D3DC00283249 /* AppDelegate.swift in Sources */ = {isa = PBXBuildFile; fileRef = CB662B3A2518D3DC00283249 /* AppDelegate.swift */; };
		CB662B3D2518D3DC00283249 /* SceneDelegate.swift in Sources */ = {isa = PBXBuildFile; fileRef = CB662B3C2518D3DC00283249 /* SceneDelegate.swift */; };
		CB662B3F2518D3DC00283249 /* MainViewController.swift in Sources */ = {isa = PBXBuildFile; fileRef = CB662B3E2518D3DC00283249 /* MainViewController.swift */; };
		CB662B452518D3DC00283249 /* DavidPrototype.xcdatamodeld in Sources */ = {isa = PBXBuildFile; fileRef = CB662B432518D3DC00283249 /* DavidPrototype.xcdatamodeld */; };
		CB662B472518D3E100283249 /* Assets.xcassets in Resources */ = {isa = PBXBuildFile; fileRef = CB662B462518D3E100283249 /* Assets.xcassets */; };
		CB662B4A2518D3E100283249 /* LaunchScreen.storyboard in Resources */ = {isa = PBXBuildFile; fileRef = CB662B482518D3E100283249 /* LaunchScreen.storyboard */; };
		CB662B522518D42600283249 /* Main.storyboard in Resources */ = {isa = PBXBuildFile; fileRef = CB662B512518D42600283249 /* Main.storyboard */; };
		CB662B562518E92500283249 /* GoogleService-Info.plist in Resources */ = {isa = PBXBuildFile; fileRef = CB662B552518E92500283249 /* GoogleService-Info.plist */; };
		CB662B5B2519CD6600283249 /* Constants.swift in Sources */ = {isa = PBXBuildFile; fileRef = CB662B5A2519CD6600283249 /* Constants.swift */; };
		CBCA84E42519D34600F91B1F /* RegisterViewController.swift in Sources */ = {isa = PBXBuildFile; fileRef = CBCA84E32519D34600F91B1F /* RegisterViewController.swift */; };
		CBCA84E6251A251400F91B1F /* LoginViewController.swift in Sources */ = {isa = PBXBuildFile; fileRef = CBCA84E5251A251400F91B1F /* LoginViewController.swift */; };
		CBCA84E8251AF8D400F91B1F /* CategoryViewController.swift in Sources */ = {isa = PBXBuildFile; fileRef = CBCA84E7251AF8D400F91B1F /* CategoryViewController.swift */; };
		CBCD0F82251B8DD700D94969 /* DataModel.xcdatamodeld in Sources */ = {isa = PBXBuildFile; fileRef = CBCD0F80251B8DD700D94969 /* DataModel.xcdatamodeld */; };
/* End PBXBuildFile section */

/* Begin PBXFileReference section */
		3EB8DB69EA9621E8472338BF /* Pods-DavidPrototype.debug.xcconfig */ = {isa = PBXFileReference; includeInIndex = 1; lastKnownFileType = text.xcconfig; name = "Pods-DavidPrototype.debug.xcconfig"; path = "Target Support Files/Pods-DavidPrototype/Pods-DavidPrototype.debug.xcconfig"; sourceTree = "<group>"; };
		CB662B372518D3DC00283249 /* DavidPrototype.app */ = {isa = PBXFileReference; explicitFileType = wrapper.application; includeInIndex = 0; path = DavidPrototype.app; sourceTree = BUILT_PRODUCTS_DIR; };
		CB662B3A2518D3DC00283249 /* AppDelegate.swift */ = {isa = PBXFileReference; lastKnownFileType = sourcecode.swift; path = AppDelegate.swift; sourceTree = "<group>"; };
		CB662B3C2518D3DC00283249 /* SceneDelegate.swift */ = {isa = PBXFileReference; lastKnownFileType = sourcecode.swift; path = SceneDelegate.swift; sourceTree = "<group>"; };
		CB662B3E2518D3DC00283249 /* MainViewController.swift */ = {isa = PBXFileReference; lastKnownFileType = sourcecode.swift; path = MainViewController.swift; sourceTree = "<group>"; };
		CB662B442518D3DC00283249 /* DavidPrototype.xcdatamodel */ = {isa = PBXFileReference; lastKnownFileType = wrapper.xcdatamodel; path = DavidPrototype.xcdatamodel; sourceTree = "<group>"; };
		CB662B462518D3E100283249 /* Assets.xcassets */ = {isa = PBXFileReference; lastKnownFileType = folder.assetcatalog; path = Assets.xcassets; sourceTree = "<group>"; };
		CB662B492518D3E100283249 /* Base */ = {isa = PBXFileReference; lastKnownFileType = file.storyboard; name = Base; path = Base.lproj/LaunchScreen.storyboard; sourceTree = "<group>"; };
		CB662B4B2518D3E100283249 /* Info.plist */ = {isa = PBXFileReference; lastKnownFileType = text.plist.xml; path = Info.plist; sourceTree = "<group>"; };
		CB662B512518D42600283249 /* Main.storyboard */ = {isa = PBXFileReference; fileEncoding = 4; lastKnownFileType = file.storyboard; path = Main.storyboard; sourceTree = "<group>"; };
		CB662B552518E92500283249 /* GoogleService-Info.plist */ = {isa = PBXFileReference; fileEncoding = 4; lastKnownFileType = text.plist.xml; path = "GoogleService-Info.plist"; sourceTree = "<group>"; };
		CB662B5A2519CD6600283249 /* Constants.swift */ = {isa = PBXFileReference; lastKnownFileType = sourcecode.swift; path = Constants.swift; sourceTree = "<group>"; };
		CBCA84E32519D34600F91B1F /* RegisterViewController.swift */ = {isa = PBXFileReference; lastKnownFileType = sourcecode.swift; path = RegisterViewController.swift; sourceTree = "<group>"; };
		CBCA84E5251A251400F91B1F /* LoginViewController.swift */ = {isa = PBXFileReference; lastKnownFileType = sourcecode.swift; path = LoginViewController.swift; sourceTree = "<group>"; };
		CBCA84E7251AF8D400F91B1F /* CategoryViewController.swift */ = {isa = PBXFileReference; lastKnownFileType = sourcecode.swift; path = CategoryViewController.swift; sourceTree = "<group>"; };
		CBCD0F81251B8DD700D94969 /* DataModel.xcdatamodel */ = {isa = PBXFileReference; lastKnownFileType = wrapper.xcdatamodel; path = DataModel.xcdatamodel; sourceTree = "<group>"; };
		CD730374560D1BA099ADE3AF /* Pods-DavidPrototype.release.xcconfig */ = {isa = PBXFileReference; includeInIndex = 1; lastKnownFileType = text.xcconfig; name = "Pods-DavidPrototype.release.xcconfig"; path = "Target Support Files/Pods-DavidPrototype/Pods-DavidPrototype.release.xcconfig"; sourceTree = "<group>"; };
		F9BD032D105964ED83183C8E /* Pods_DavidPrototype.framework */ = {isa = PBXFileReference; explicitFileType = wrapper.framework; includeInIndex = 0; path = Pods_DavidPrototype.framework; sourceTree = BUILT_PRODUCTS_DIR; };
/* End PBXFileReference section */

/* Begin PBXFrameworksBuildPhase section */
		CB662B342518D3DC00283249 /* Frameworks */ = {
			isa = PBXFrameworksBuildPhase;
			buildActionMask = 2147483647;
			files = (
				0A8DD75E66FFC9A7E717F410 /* Pods_DavidPrototype.framework in Frameworks */,
			);
			runOnlyForDeploymentPostprocessing = 0;
		};
/* End PBXFrameworksBuildPhase section */

/* Begin PBXGroup section */
		061901DD3A50958BFA0EAC4E /* Frameworks */ = {
			isa = PBXGroup;
			children = (
				F9BD032D105964ED83183C8E /* Pods_DavidPrototype.framework */,
			);
			name = Frameworks;
			sourceTree = "<group>";
		};
		CB662B2E2518D3DC00283249 = {
			isa = PBXGroup;
			children = (
				CB662B392518D3DC00283249 /* DavidPrototype */,
				CB662B382518D3DC00283249 /* Products */,
				EC965FE4CFA29FF4F543AD13 /* Pods */,
				061901DD3A50958BFA0EAC4E /* Frameworks */,
			);
			sourceTree = "<group>";
		};
		CB662B382518D3DC00283249 /* Products */ = {
			isa = PBXGroup;
			children = (
				CB662B372518D3DC00283249 /* DavidPrototype.app */,
			);
			name = Products;
			sourceTree = "<group>";
		};
		CB662B392518D3DC00283249 /* DavidPrototype */ = {
			isa = PBXGroup;
			children = (
				CB662B592519CD4800283249 /* Model */,
				CB662B5825198A0000283249 /* Controller */,
				CB662B57251989DE00283249 /* View */,
				CB662B3A2518D3DC00283249 /* AppDelegate.swift */,
				CB662B3C2518D3DC00283249 /* SceneDelegate.swift */,
				CB662B462518D3E100283249 /* Assets.xcassets */,
				CB662B482518D3E100283249 /* LaunchScreen.storyboard */,
				CB662B4B2518D3E100283249 /* Info.plist */,
				CB662B552518E92500283249 /* GoogleService-Info.plist */,
				CB662B432518D3DC00283249 /* DavidPrototype.xcdatamodeld */,
			);
			path = DavidPrototype;
			sourceTree = "<group>";
		};
		CB662B57251989DE00283249 /* View */ = {
			isa = PBXGroup;
			children = (
				CB662B512518D42600283249 /* Main.storyboard */,
			);
			path = View;
			sourceTree = "<group>";
		};
		CB662B5825198A0000283249 /* Controller */ = {
			isa = PBXGroup;
			children = (
				CB662B3E2518D3DC00283249 /* MainViewController.swift */,
				CBCA84E32519D34600F91B1F /* RegisterViewController.swift */,
				CBCA84E5251A251400F91B1F /* LoginViewController.swift */,
				CBCA84E7251AF8D400F91B1F /* CategoryViewController.swift */,
			);
			path = Controller;
			sourceTree = "<group>";
		};
		CB662B592519CD4800283249 /* Model */ = {
			isa = PBXGroup;
			children = (
				CB662B5A2519CD6600283249 /* Constants.swift */,
				CBCD0F80251B8DD700D94969 /* DataModel.xcdatamodeld */,
			);
			path = Model;
			sourceTree = "<group>";
		};
		EC965FE4CFA29FF4F543AD13 /* Pods */ = {
			isa = PBXGroup;
			children = (
				3EB8DB69EA9621E8472338BF /* Pods-DavidPrototype.debug.xcconfig */,
				CD730374560D1BA099ADE3AF /* Pods-DavidPrototype.release.xcconfig */,
			);
			path = Pods;
			sourceTree = "<group>";
		};
/* End PBXGroup section */

/* Begin PBXNativeTarget section */
		CB662B362518D3DC00283249 /* DavidPrototype */ = {
			isa = PBXNativeTarget;
			buildConfigurationList = CB662B4E2518D3E100283249 /* Build configuration list for PBXNativeTarget "DavidPrototype" */;
			buildPhases = (
				54B950F600C5494851538BC0 /* [CP] Check Pods Manifest.lock */,
				CB662B332518D3DC00283249 /* Sources */,
				CB662B342518D3DC00283249 /* Frameworks */,
				CB662B352518D3DC00283249 /* Resources */,
			);
			buildRules = (
			);
			dependencies = (
			);
			name = DavidPrototype;
			productName = DavidPrototype;
			productReference = CB662B372518D3DC00283249 /* DavidPrototype.app */;
			productType = "com.apple.product-type.application";
		};
/* End PBXNativeTarget section */

/* Begin PBXProject section */
		CB662B2F2518D3DC00283249 /* Project object */ = {
			isa = PBXProject;
			attributes = {
				LastSwiftUpdateCheck = 1150;
				LastUpgradeCheck = 1150;
				ORGANIZATIONNAME = "David Shin";
				TargetAttributes = {
					CB662B362518D3DC00283249 = {
						CreatedOnToolsVersion = 11.5;
					};
				};
			};
			buildConfigurationList = CB662B322518D3DC00283249 /* Build configuration list for PBXProject "DavidPrototype" */;
			compatibilityVersion = "Xcode 9.3";
			developmentRegion = en;
			hasScannedForEncodings = 0;
			knownRegions = (
				en,
				Base,
			);
			mainGroup = CB662B2E2518D3DC00283249;
			productRefGroup = CB662B382518D3DC00283249 /* Products */;
			projectDirPath = "";
			projectRoot = "";
			targets = (
				CB662B362518D3DC00283249 /* DavidPrototype */,
			);
		};
/* End PBXProject section */

/* Begin PBXResourcesBuildPhase section */
		CB662B352518D3DC00283249 /* Resources */ = {
			isa = PBXResourcesBuildPhase;
			buildActionMask = 2147483647;
			files = (
				CB662B522518D42600283249 /* Main.storyboard in Resources */,
				CB662B562518E92500283249 /* GoogleService-Info.plist in Resources */,
				CB662B4A2518D3E100283249 /* LaunchScreen.storyboard in Resources */,
				CB662B472518D3E100283249 /* Assets.xcassets in Resources */,
			);
			runOnlyForDeploymentPostprocessing = 0;
		};
/* End PBXResourcesBuildPhase section */

/* Begin PBXShellScriptBuildPhase section */
		54B950F600C5494851538BC0 /* [CP] Check Pods Manifest.lock */ = {
			isa = PBXShellScriptBuildPhase;
			buildActionMask = 2147483647;
			files = (
			);
			inputFileListPaths = (
			);
			inputPaths = (
				"${PODS_PODFILE_DIR_PATH}/Podfile.lock",
				"${PODS_ROOT}/Manifest.lock",
			);
			name = "[CP] Check Pods Manifest.lock";
			outputFileListPaths = (
			);
			outputPaths = (
				"$(DERIVED_FILE_DIR)/Pods-DavidPrototype-checkManifestLockResult.txt",
			);
			runOnlyForDeploymentPostprocessing = 0;
			shellPath = /bin/sh;
			shellScript = "diff \"${PODS_PODFILE_DIR_PATH}/Podfile.lock\" \"${PODS_ROOT}/Manifest.lock\" > /dev/null\nif [ $? != 0 ] ; then\n    # print error to STDERR\n    echo \"error: The sandbox is not in sync with the Podfile.lock. Run 'pod install' or update your CocoaPods installation.\" >&2\n    exit 1\nfi\n# This output is used by Xcode 'outputs' to avoid re-running this script phase.\necho \"SUCCESS\" > \"${SCRIPT_OUTPUT_FILE_0}\"\n";
			showEnvVarsInLog = 0;
		};
/* End PBXShellScriptBuildPhase section */

/* Begin PBXSourcesBuildPhase section */
		CB662B332518D3DC00283249 /* Sources */ = {
			isa = PBXSourcesBuildPhase;
			buildActionMask = 2147483647;
			files = (
				CBCA84E6251A251400F91B1F /* LoginViewController.swift in Sources */,
				CB662B5B2519CD6600283249 /* Constants.swift in Sources */,
				CB662B3F2518D3DC00283249 /* MainViewController.swift in Sources */,
				CBCA84E8251AF8D400F91B1F /* CategoryViewController.swift in Sources */,
				CB662B452518D3DC00283249 /* DavidPrototype.xcdatamodeld in Sources */,
				CBCA84E42519D34600F91B1F /* RegisterViewController.swift in Sources */,
				CBCD0F82251B8DD700D94969 /* DataModel.xcdatamodeld in Sources */,
				CB662B3B2518D3DC00283249 /* AppDelegate.swift in Sources */,
				CB662B3D2518D3DC00283249 /* SceneDelegate.swift in Sources */,
			);
			runOnlyForDeploymentPostprocessing = 0;
		};
/* End PBXSourcesBuildPhase section */

/* Begin PBXVariantGroup section */
		CB662B482518D3E100283249 /* LaunchScreen.storyboard */ = {
			isa = PBXVariantGroup;
			children = (
				CB662B492518D3E100283249 /* Base */,
			);
			name = LaunchScreen.storyboard;
			sourceTree = "<group>";
		};
/* End PBXVariantGroup section */

/* Begin XCBuildConfiguration section */
		CB662B4C2518D3E100283249 /* Debug */ = {
			isa = XCBuildConfiguration;
			buildSettings = {
				ALWAYS_SEARCH_USER_PATHS = NO;
				CLANG_ANALYZER_NONNULL = YES;
				CLANG_ANALYZER_NUMBER_OBJECT_CONVERSION = YES_AGGRESSIVE;
				CLANG_CXX_LANGUAGE_STANDARD = "gnu++14";
				CLANG_CXX_LIBRARY = "libc++";
				CLANG_ENABLE_MODULES = YES;
				CLANG_ENABLE_OBJC_ARC = YES;
				CLANG_ENABLE_OBJC_WEAK = YES;
				CLANG_WARN_BLOCK_CAPTURE_AUTORELEASING = YES;
				CLANG_WARN_BOOL_CONVERSION = YES;
				CLANG_WARN_COMMA = YES;
				CLANG_WARN_CONSTANT_CONVERSION = YES;
				CLANG_WARN_DEPRECATED_OBJC_IMPLEMENTATIONS = YES;
				CLANG_WARN_DIRECT_OBJC_ISA_USAGE = YES_ERROR;
				CLANG_WARN_DOCUMENTATION_COMMENTS = YES;
				CLANG_WARN_EMPTY_BODY = YES;
				CLANG_WARN_ENUM_CONVERSION = YES;
				CLANG_WARN_INFINITE_RECURSION = YES;
				CLANG_WARN_INT_CONVERSION = YES;
				CLANG_WARN_NON_LITERAL_NULL_CONVERSION = YES;
				CLANG_WARN_OBJC_IMPLICIT_RETAIN_SELF = YES;
				CLANG_WARN_OBJC_LITERAL_CONVERSION = YES;
				CLANG_WARN_OBJC_ROOT_CLASS = YES_ERROR;
				CLANG_WARN_RANGE_LOOP_ANALYSIS = YES;
				CLANG_WARN_STRICT_PROTOTYPES = YES;
				CLANG_WARN_SUSPICIOUS_MOVE = YES;
				CLANG_WARN_UNGUARDED_AVAILABILITY = YES_AGGRESSIVE;
				CLANG_WARN_UNREACHABLE_CODE = YES;
				CLANG_WARN__DUPLICATE_METHOD_MATCH = YES;
				COPY_PHASE_STRIP = NO;
				DEBUG_INFORMATION_FORMAT = dwarf;
				ENABLE_STRICT_OBJC_MSGSEND = YES;
				ENABLE_TESTABILITY = YES;
				GCC_C_LANGUAGE_STANDARD = gnu11;
				GCC_DYNAMIC_NO_PIC = NO;
				GCC_NO_COMMON_BLOCKS = YES;
				GCC_OPTIMIZATION_LEVEL = 0;
				GCC_PREPROCESSOR_DEFINITIONS = (
					"DEBUG=1",
					"$(inherited)",
				);
				GCC_WARN_64_TO_32_BIT_CONVERSION = YES;
				GCC_WARN_ABOUT_RETURN_TYPE = YES_ERROR;
				GCC_WARN_UNDECLARED_SELECTOR = YES;
				GCC_WARN_UNINITIALIZED_AUTOS = YES_AGGRESSIVE;
				GCC_WARN_UNUSED_FUNCTION = YES;
				GCC_WARN_UNUSED_VARIABLE = YES;
				IPHONEOS_DEPLOYMENT_TARGET = 13.5;
				MTL_ENABLE_DEBUG_INFO = INCLUDE_SOURCE;
				MTL_FAST_MATH = YES;
				ONLY_ACTIVE_ARCH = YES;
				SDKROOT = iphoneos;
				SWIFT_ACTIVE_COMPILATION_CONDITIONS = DEBUG;
				SWIFT_OPTIMIZATION_LEVEL = "-Onone";
			};
			name = Debug;
		};
		CB662B4D2518D3E100283249 /* Release */ = {
			isa = XCBuildConfiguration;
			buildSettings = {
				ALWAYS_SEARCH_USER_PATHS = NO;
				CLANG_ANALYZER_NONNULL = YES;
				CLANG_ANALYZER_NUMBER_OBJECT_CONVERSION = YES_AGGRESSIVE;
				CLANG_CXX_LANGUAGE_STANDARD = "gnu++14";
				CLANG_CXX_LIBRARY = "libc++";
				CLANG_ENABLE_MODULES = YES;
				CLANG_ENABLE_OBJC_ARC = YES;
				CLANG_ENABLE_OBJC_WEAK = YES;
				CLANG_WARN_BLOCK_CAPTURE_AUTORELEASING = YES;
				CLANG_WARN_BOOL_CONVERSION = YES;
				CLANG_WARN_COMMA = YES;
				CLANG_WARN_CONSTANT_CONVERSION = YES;
				CLANG_WARN_DEPRECATED_OBJC_IMPLEMENTATIONS = YES;
				CLANG_WARN_DIRECT_OBJC_ISA_USAGE = YES_ERROR;
				CLANG_WARN_DOCUMENTATION_COMMENTS = YES;
				CLANG_WARN_EMPTY_BODY = YES;
				CLANG_WARN_ENUM_CONVERSION = YES;
				CLANG_WARN_INFINITE_RECURSION = YES;
				CLANG_WARN_INT_CONVERSION = YES;
				CLANG_WARN_NON_LITERAL_NULL_CONVERSION = YES;
				CLANG_WARN_OBJC_IMPLICIT_RETAIN_SELF = YES;
				CLANG_WARN_OBJC_LITERAL_CONVERSION = YES;
				CLANG_WARN_OBJC_ROOT_CLASS = YES_ERROR;
				CLANG_WARN_RANGE_LOOP_ANALYSIS = YES;
				CLANG_WARN_STRICT_PROTOTYPES = YES;
				CLANG_WARN_SUSPICIOUS_MOVE = YES;
				CLANG_WARN_UNGUARDED_AVAILABILITY = YES_AGGRESSIVE;
				CLANG_WARN_UNREACHABLE_CODE = YES;
				CLANG_WARN__DUPLICATE_METHOD_MATCH = YES;
				COPY_PHASE_STRIP = NO;
				DEBUG_INFORMATION_FORMAT = "dwarf-with-dsym";
				ENABLE_NS_ASSERTIONS = NO;
				ENABLE_STRICT_OBJC_MSGSEND = YES;
				GCC_C_LANGUAGE_STANDARD = gnu11;
				GCC_NO_COMMON_BLOCKS = YES;
				GCC_WARN_64_TO_32_BIT_CONVERSION = YES;
				GCC_WARN_ABOUT_RETURN_TYPE = YES_ERROR;
				GCC_WARN_UNDECLARED_SELECTOR = YES;
				GCC_WARN_UNINITIALIZED_AUTOS = YES_AGGRESSIVE;
				GCC_WARN_UNUSED_FUNCTION = YES;
				GCC_WARN_UNUSED_VARIABLE = YES;
				IPHONEOS_DEPLOYMENT_TARGET = 13.5;
				MTL_ENABLE_DEBUG_INFO = NO;
				MTL_FAST_MATH = YES;
				SDKROOT = iphoneos;
				SWIFT_COMPILATION_MODE = wholemodule;
				SWIFT_OPTIMIZATION_LEVEL = "-O";
				VALIDATE_PRODUCT = YES;
			};
			name = Release;
		};
		CB662B4F2518D3E100283249 /* Debug */ = {
			isa = XCBuildConfiguration;
			baseConfigurationReference = 3EB8DB69EA9621E8472338BF /* Pods-DavidPrototype.debug.xcconfig */;
			buildSettings = {
				ASSETCATALOG_COMPILER_APPICON_NAME = AppIcon;
				CODE_SIGN_STYLE = Automatic;
				DEVELOPMENT_TEAM = 268RLCL6TM;
				INFOPLIST_FILE = DavidPrototype/Info.plist;
				LD_RUNPATH_SEARCH_PATHS = (
					"$(inherited)",
					"@executable_path/Frameworks",
				);
				PRODUCT_BUNDLE_IDENTIFIER = com.davishin.DavidPrototype;
				PRODUCT_NAME = "$(TARGET_NAME)";
				SWIFT_VERSION = 5.0;
				TARGETED_DEVICE_FAMILY = "1,2";
			};
			name = Debug;
		};
		CB662B502518D3E100283249 /* Release */ = {
			isa = XCBuildConfiguration;
			baseConfigurationReference = CD730374560D1BA099ADE3AF /* Pods-DavidPrototype.release.xcconfig */;
			buildSettings = {
				ASSETCATALOG_COMPILER_APPICON_NAME = AppIcon;
				CODE_SIGN_STYLE = Automatic;
				DEVELOPMENT_TEAM = 268RLCL6TM;
				INFOPLIST_FILE = DavidPrototype/Info.plist;
				LD_RUNPATH_SEARCH_PATHS = (
					"$(inherited)",
					"@executable_path/Frameworks",
				);
				PRODUCT_BUNDLE_IDENTIFIER = com.davishin.DavidPrototype;
				PRODUCT_NAME = "$(TARGET_NAME)";
				SWIFT_VERSION = 5.0;
				TARGETED_DEVICE_FAMILY = "1,2";
			};
			name = Release;
		};
/* End XCBuildConfiguration section */

/* Begin XCConfigurationList section */
		CB662B322518D3DC00283249 /* Build configuration list for PBXProject "DavidPrototype" */ = {
			isa = XCConfigurationList;
			buildConfigurations = (
				CB662B4C2518D3E100283249 /* Debug */,
				CB662B4D2518D3E100283249 /* Release */,
			);
			defaultConfigurationIsVisible = 0;
			defaultConfigurationName = Release;
		};
		CB662B4E2518D3E100283249 /* Build configuration list for PBXNativeTarget "DavidPrototype" */ = {
			isa = XCConfigurationList;
			buildConfigurations = (
				CB662B4F2518D3E100283249 /* Debug */,
				CB662B502518D3E100283249 /* Release */,
			);
			defaultConfigurationIsVisible = 0;
			defaultConfigurationName = Release;
		};
/* End XCConfigurationList section */

/* Begin XCVersionGroup section */
		CB662B432518D3DC00283249 /* DavidPrototype.xcdatamodeld */ = {
			isa = XCVersionGroup;
			children = (
				CB662B442518D3DC00283249 /* DavidPrototype.xcdatamodel */,
			);
			currentVersion = CB662B442518D3DC00283249 /* DavidPrototype.xcdatamodel */;
			path = DavidPrototype.xcdatamodeld;
			sourceTree = "<group>";
			versionGroupType = wrapper.xcdatamodel;
		};
		CBCD0F80251B8DD700D94969 /* DataModel.xcdatamodeld */ = {
			isa = XCVersionGroup;
			children = (
				CBCD0F81251B8DD700D94969 /* DataModel.xcdatamodel */,
			);
			currentVersion = CBCD0F81251B8DD700D94969 /* DataModel.xcdatamodel */;
			path = DataModel.xcdatamodeld;
			sourceTree = "<group>";
			versionGroupType = wrapper.xcdatamodel;
		};
/* End XCVersionGroup section */
	};
	rootObject = CB662B2F2518D3DC00283249 /* Project object */;
}
