// !$*UTF8*$!
{
	archiveVersion = 1;
	classes = {
	};
	objectVersion = 50;
	objects = {

/* Begin PBXBuildFile section */
		CB662B3B2518D3DC00283249 /* AppDelegate.swift in Sources */ = {isa = PBXBuildFile; fileRef = CB662B3A2518D3DC00283249 /* AppDelegate.swift */; };
		CB662B3D2518D3DC00283249 /* SceneDelegate.swift in Sources */ = {isa = PBXBuildFile; fileRef = CB662B3C2518D3DC00283249 /* SceneDelegate.swift */; };
		CB662B3F2518D3DC00283249 /* ViewController.swift in Sources */ = {isa = PBXBuildFile; fileRef = CB662B3E2518D3DC00283249 /* ViewController.swift */; };
		CB662B422518D3DC00283249 /* Main.storyboard in Resources */ = {isa = PBXBuildFile; fileRef = CB662B402518D3DC00283249 /* Main.storyboard */; };
		CB662B452518D3DC00283249 /* DavidPrototype.xcdatamodeld in Sources */ = {isa = PBXBuildFile; fileRef = CB662B432518D3DC00283249 /* DavidPrototype.xcdatamodeld */; };
		CB662B472518D3E100283249 /* Assets.xcassets in Resources */ = {isa = PBXBuildFile; fileRef = CB662B462518D3E100283249 /* Assets.xcassets */; };
		CB662B4A2518D3E100283249 /* LaunchScreen.storyboard in Resources */ = {isa = PBXBuildFile; fileRef = CB662B482518D3E100283249 /* LaunchScreen.storyboard */; };
/* End PBXBuildFile section */

/* Begin PBXFileReference section */
		CB662B372518D3DC00283249 /* DavidPrototype.app */ = {isa = PBXFileReference; explicitFileType = wrapper.application; includeInIndex = 0; path = DavidPrototype.app; sourceTree = BUILT_PRODUCTS_DIR; };
		CB662B3A2518D3DC00283249 /* AppDelegate.swift */ = {isa = PBXFileReference; lastKnownFileType = sourcecode.swift; path = AppDelegate.swift; sourceTree = "<group>"; };
		CB662B3C2518D3DC00283249 /* SceneDelegate.swift */ = {isa = PBXFileReference; lastKnownFileType = sourcecode.swift; path = SceneDelegate.swift; sourceTree = "<group>"; };
		CB662B3E2518D3DC00283249 /* ViewController.swift */ = {isa = PBXFileReference; lastKnownFileType = sourcecode.swift; path = ViewController.swift; sourceTree = "<group>"; };
		CB662B412518D3DC00283249 /* Base */ = {isa = PBXFileReference; lastKnownFileType = file.storyboard; name = Base; path = Base.lproj/Main.storyboard; sourceTree = "<group>"; };
		CB662B442518D3DC00283249 /* DavidPrototype.xcdatamodel */ = {isa = PBXFileReference; lastKnownFileType = wrapper.xcdatamodel; path = DavidPrototype.xcdatamodel; sourceTree = "<group>"; };
		CB662B462518D3E100283249 /* Assets.xcassets */ = {isa = PBXFileReference; lastKnownFileType = folder.assetcatalog; path = Assets.xcassets; sourceTree = "<group>"; };
		CB662B492518D3E100283249 /* Base */ = {isa = PBXFileReference; lastKnownFileType = file.storyboard; name = Base; path = Base.lproj/LaunchScreen.storyboard; sourceTree = "<group>"; };
		CB662B4B2518D3E100283249 /* Info.plist */ = {isa = PBXFileReference; lastKnownFileType = text.plist.xml; path = Info.plist; sourceTree = "<group>"; };
/* End PBXFileReference section */

/* Begin PBXFrameworksBuildPhase section */
		CB662B342518D3DC00283249 /* Frameworks */ = {
			isa = PBXFrameworksBuildPhase;
			buildActionMask = 2147483647;
			files = (
			);
			runOnlyForDeploymentPostprocessing = 0;
		};
/* End PBXFrameworksBuildPhase section */

/* Begin PBXGroup section */
		CB662B2E2518D3DC00283249 = {
			isa = PBXGroup;
			children = (
				CB662B392518D3DC00283249 /* DavidPrototype */,
				CB662B382518D3DC00283249 /* Products */,
			);
			sourceTree = "<group>";
		};
		CB662B382518D3DC00283249 /* Products */ = {
			isa = PBXGroup;
			children = (
				CB662B372518D3DC00283249 /* DavidPrototype.app */,
			);
			name = Products;
			sourceTree = "<group>";
		};
		CB662B392518D3DC00283249 /* DavidPrototype */ = {
			isa = PBXGroup;
			children = (
				CB662B3A2518D3DC00283249 /* AppDelegate.swift */,
				CB662B3C2518D3DC00283249 /* SceneDelegate.swift */,
				CB662B3E2518D3DC00283249 /* ViewController.swift */,
				CB662B402518D3DC00283249 /* Main.storyboard */,
				CB662B462518D3E100283249 /* Assets.xcassets */,
				CB662B482518D3E100283249 /* LaunchScreen.storyboard */,
				CB662B4B2518D3E100283249 /* Info.plist */,
				CB662B432518D3DC00283249 /* DavidPrototype.xcdatamodeld */,
			);
			path = DavidPrototype;
			sourceTree = "<group>";
		};
/* End PBXGroup section */

/* Begin PBXNativeTarget section */
		CB662B362518D3DC00283249 /* DavidPrototype */ = {
			isa = PBXNativeTarget;
			buildConfigurationList = CB662B4E2518D3E100283249 /* Build configuration list for PBXNativeTarget "DavidPrototype" */;
			buildPhases = (
				CB662B332518D3DC00283249 /* Sources */,
				CB662B342518D3DC00283249 /* Frameworks */,
				CB662B352518D3DC00283249 /* Resources */,
			);
			buildRules = (
			);
			dependencies = (
			);
			name = DavidPrototype;
			productName = DavidPrototype;
			productReference = CB662B372518D3DC00283249 /* DavidPrototype.app */;
			productType = "com.apple.product-type.application";
		};
/* End PBXNativeTarget section */

/* Begin PBXProject section */
		CB662B2F2518D3DC00283249 /* Project object */ = {
			isa = PBXProject;
			attributes = {
				LastSwiftUpdateCheck = 1150;
				LastUpgradeCheck = 1150;
				ORGANIZATIONNAME = "David Shin";
				TargetAttributes = {
					CB662B362518D3DC00283249 = {
						CreatedOnToolsVersion = 11.5;
					};
				};
			};
			buildConfigurationList = CB662B322518D3DC00283249 /* Build configuration list for PBXProject "DavidPrototype" */;
			compatibilityVersion = "Xcode 9.3";
			developmentRegion = en;
			hasScannedForEncodings = 0;
			knownRegions = (
				en,
				Base,
			);
			mainGroup = CB662B2E2518D3DC00283249;
			productRefGroup = CB662B382518D3DC00283249 /* Products */;
			projectDirPath = "";
			projectRoot = "";
			targets = (
				CB662B362518D3DC00283249 /* DavidPrototype */,
			);
		};
/* End PBXProject section */

/* Begin PBXResourcesBuildPhase section */
		CB662B352518D3DC00283249 /* Resources */ = {
			isa = PBXResourcesBuildPhase;
			buildActionMask = 2147483647;
			files = (
				CB662B4A2518D3E100283249 /* LaunchScreen.storyboard in Resources */,
				CB662B472518D3E100283249 /* Assets.xcassets in Resources */,
				CB662B422518D3DC00283249 /* Main.storyboard in Resources */,
			);
			runOnlyForDeploymentPostprocessing = 0;
		};
/* End PBXResourcesBuildPhase section */

/* Begin PBXSourcesBuildPhase section */
		CB662B332518D3DC00283249 /* Sources */ = {
			isa = PBXSourcesBuildPhase;
			buildActionMask = 2147483647;
			files = (
				CB662B3F2518D3DC00283249 /* ViewController.swift in Sources */,
				CB662B452518D3DC00283249 /* DavidPrototype.xcdatamodeld in Sources */,
				CB662B3B2518D3DC00283249 /* AppDelegate.swift in Sources */,
				CB662B3D2518D3DC00283249 /* SceneDelegate.swift in Sources */,
			);
			runOnlyForDeploymentPostprocessing = 0;
		};
/* End PBXSourcesBuildPhase section */

/* Begin PBXVariantGroup section */
		CB662B402518D3DC00283249 /* Main.storyboard */ = {
			isa = PBXVariantGroup;
			children = (
				CB662B412518D3DC00283249 /* Base */,
			);
			name = Main.storyboard;
			sourceTree = "<group>";
		};
		CB662B482518D3E100283249 /* LaunchScreen.storyboard */ = {
			isa = PBXVariantGroup;
			children = (
				CB662B492518D3E100283249 /* Base */,
			);
			name = LaunchScreen.storyboard;
			sourceTree = "<group>";
		};
/* End PBXVariantGroup section */

/* Begin XCBuildConfiguration section */
		CB662B4C2518D3E100283249 /* Debug */ = {
			isa = XCBuildConfiguration;
			buildSettings = {
				ALWAYS_SEARCH_USER_PATHS = NO;
				CLANG_ANALYZER_NONNULL = YES;
				CLANG_ANALYZER_NUMBER_OBJECT_CONVERSION = YES_AGGRESSIVE;
				CLANG_CXX_LANGUAGE_STANDARD = "gnu++14";
				CLANG_CXX_LIBRARY = "libc++";
				CLANG_ENABLE_MODULES = YES;
				CLANG_ENABLE_OBJC_ARC = YES;
				CLANG_ENABLE_OBJC_WEAK = YES;
				CLANG_WARN_BLOCK_CAPTURE_AUTORELEASING = YES;
				CLANG_WARN_BOOL_CONVERSION = YES;
				CLANG_WARN_COMMA = YES;
				CLANG_WARN_CONSTANT_CONVERSION = YES;
				CLANG_WARN_DEPRECATED_OBJC_IMPLEMENTATIONS = YES;
				CLANG_WARN_DIRECT_OBJC_ISA_USAGE = YES_ERROR;
				CLANG_WARN_DOCUMENTATION_COMMENTS = YES;
				CLANG_WARN_EMPTY_BODY = YES;
				CLANG_WARN_ENUM_CONVERSION = YES;
				CLANG_WARN_INFINITE_RECURSION = YES;
				CLANG_WARN_INT_CONVERSION = YES;
				CLANG_WARN_NON_LITERAL_NULL_CONVERSION = YES;
				CLANG_WARN_OBJC_IMPLICIT_RETAIN_SELF = YES;
				CLANG_WARN_OBJC_LITERAL_CONVERSION = YES;
				CLANG_WARN_OBJC_ROOT_CLASS = YES_ERROR;
				CLANG_WARN_RANGE_LOOP_ANALYSIS = YES;
				CLANG_WARN_STRICT_PROTOTYPES = YES;
				CLANG_WARN_SUSPICIOUS_MOVE = YES;
				CLANG_WARN_UNGUARDED_AVAILABILITY = YES_AGGRESSIVE;
				CLANG_WARN_UNREACHABLE_CODE = YES;
				CLANG_WARN__DUPLICATE_METHOD_MATCH = YES;
				COPY_PHASE_STRIP = NO;
				DEBUG_INFORMATION_FORMAT = dwarf;
				ENABLE_STRICT_OBJC_MSGSEND = YES;
				ENABLE_TESTABILITY = YES;
				GCC_C_LANGUAGE_STANDARD = gnu11;
				GCC_DYNAMIC_NO_PIC = NO;
				GCC_NO_COMMON_BLOCKS = YES;
				GCC_OPTIMIZATION_LEVEL = 0;
				GCC_PREPROCESSOR_DEFINITIONS = (
					"DEBUG=1",
					"$(inherited)",
				);
				GCC_WARN_64_TO_32_BIT_CONVERSION = YES;
				GCC_WARN_ABOUT_RETURN_TYPE = YES_ERROR;
				GCC_WARN_UNDECLARED_SELECTOR = YES;
				GCC_WARN_UNINITIALIZED_AUTOS = YES_AGGRESSIVE;
				GCC_WARN_UNUSED_FUNCTION = YES;
				GCC_WARN_UNUSED_VARIABLE = YES;
				IPHONEOS_DEPLOYMENT_TARGET = 13.5;
				MTL_ENABLE_DEBUG_INFO = INCLUDE_SOURCE;
				MTL_FAST_MATH = YES;
				ONLY_ACTIVE_ARCH = YES;
				SDKROOT = iphoneos;
				SWIFT_ACTIVE_COMPILATION_CONDITIONS = DEBUG;
				SWIFT_OPTIMIZATION_LEVEL = "-Onone";
			};
			name = Debug;
		};
		CB662B4D2518D3E100283249 /* Release */ = {
			isa = XCBuildConfiguration;
			buildSettings = {
				ALWAYS_SEARCH_USER_PATHS = NO;
				CLANG_ANALYZER_NONNULL = YES;
				CLANG_ANALYZER_NUMBER_OBJECT_CONVERSION = YES_AGGRESSIVE;
				CLANG_CXX_LANGUAGE_STANDARD = "gnu++14";
				CLANG_CXX_LIBRARY = "libc++";
				CLANG_ENABLE_MODULES = YES;
				CLANG_ENABLE_OBJC_ARC = YES;
				CLANG_ENABLE_OBJC_WEAK = YES;
				CLANG_WARN_BLOCK_CAPTURE_AUTORELEASING = YES;
				CLANG_WARN_BOOL_CONVERSION = YES;
				CLANG_WARN_COMMA = YES;
				CLANG_WARN_CONSTANT_CONVERSION = YES;
				CLANG_WARN_DEPRECATED_OBJC_IMPLEMENTATIONS = YES;
				CLANG_WARN_DIRECT_OBJC_ISA_USAGE = YES_ERROR;
				CLANG_WARN_DOCUMENTATION_COMMENTS = YES;
				CLANG_WARN_EMPTY_BODY = YES;
				CLANG_WARN_ENUM_CONVERSION = YES;
				CLANG_WARN_INFINITE_RECURSION = YES;
				CLANG_WARN_INT_CONVERSION = YES;
				CLANG_WARN_NON_LITERAL_NULL_CONVERSION = YES;
				CLANG_WARN_OBJC_IMPLICIT_RETAIN_SELF = YES;
				CLANG_WARN_OBJC_LITERAL_CONVERSION = YES;
				CLANG_WARN_OBJC_ROOT_CLASS = YES_ERROR;
				CLANG_WARN_RANGE_LOOP_ANALYSIS = YES;
				CLANG_WARN_STRICT_PROTOTYPES = YES;
				CLANG_WARN_SUSPICIOUS_MOVE = YES;
				CLANG_WARN_UNGUARDED_AVAILABILITY = YES_AGGRESSIVE;
				CLANG_WARN_UNREACHABLE_CODE = YES;
				CLANG_WARN__DUPLICATE_METHOD_MATCH = YES;
				COPY_PHASE_STRIP = NO;
				DEBUG_INFORMATION_FORMAT = "dwarf-with-dsym";
				ENABLE_NS_ASSERTIONS = NO;
				ENABLE_STRICT_OBJC_MSGSEND = YES;
				GCC_C_LANGUAGE_STANDARD = gnu11;
				GCC_NO_COMMON_BLOCKS = YES;
				GCC_WARN_64_TO_32_BIT_CONVERSION = YES;
				GCC_WARN_ABOUT_RETURN_TYPE = YES_ERROR;
				GCC_WARN_UNDECLARED_SELECTOR = YES;
				GCC_WARN_UNINITIALIZED_AUTOS = YES_AGGRESSIVE;
				GCC_WARN_UNUSED_FUNCTION = YES;
				GCC_WARN_UNUSED_VARIABLE = YES;
				IPHONEOS_DEPLOYMENT_TARGET = 13.5;
				MTL_ENABLE_DEBUG_INFO = NO;
				MTL_FAST_MATH = YES;
				SDKROOT = iphoneos;
				SWIFT_COMPILATION_MODE = wholemodule;
				SWIFT_OPTIMIZATION_LEVEL = "-O";
				VALIDATE_PRODUCT = YES;
			};
			name = Release;
		};
		CB662B4F2518D3E100283249 /* Debug */ = {
			isa = XCBuildConfiguration;
			buildSettings = {
				ASSETCATALOG_COMPILER_APPICON_NAME = AppIcon;
				CODE_SIGN_STYLE = Automatic;
				DEVELOPMENT_TEAM = 268RLCL6TM;
				INFOPLIST_FILE = DavidPrototype/Info.plist;
				LD_RUNPATH_SEARCH_PATHS = (
					"$(inherited)",
					"@executable_path/Frameworks",
				);
				PRODUCT_BUNDLE_IDENTIFIER = com.davishin.DavidPrototype;
				PRODUCT_NAME = "$(TARGET_NAME)";
				SWIFT_VERSION = 5.0;
				TARGETED_DEVICE_FAMILY = "1,2";
			};
			name = Debug;
		};
		CB662B502518D3E100283249 /* Release */ = {
			isa = XCBuildConfiguration;
			buildSettings = {
				ASSETCATALOG_COMPILER_APPICON_NAME = AppIcon;
				CODE_SIGN_STYLE = Automatic;
				DEVELOPMENT_TEAM = 268RLCL6TM;
				INFOPLIST_FILE = DavidPrototype/Info.plist;
				LD_RUNPATH_SEARCH_PATHS = (
					"$(inherited)",
					"@executable_path/Frameworks",
				);
				PRODUCT_BUNDLE_IDENTIFIER = com.davishin.DavidPrototype;
				PRODUCT_NAME = "$(TARGET_NAME)";
				SWIFT_VERSION = 5.0;
				TARGETED_DEVICE_FAMILY = "1,2";
			};
			name = Release;
		};
/* End XCBuildConfiguration section */

/* Begin XCConfigurationList section */
		CB662B322518D3DC00283249 /* Build configuration list for PBXProject "DavidPrototype" */ = {
			isa = XCConfigurationList;
			buildConfigurations = (
				CB662B4C2518D3E100283249 /* Debug */,
				CB662B4D2518D3E100283249 /* Release */,
			);
			defaultConfigurationIsVisible = 0;
			defaultConfigurationName = Release;
		};
		CB662B4E2518D3E100283249 /* Build configuration list for PBXNativeTarget "DavidPrototype" */ = {
			isa = XCConfigurationList;
			buildConfigurations = (
				CB662B4F2518D3E100283249 /* Debug */,
				CB662B502518D3E100283249 /* Release */,
			);
			defaultConfigurationIsVisible = 0;
			defaultConfigurationName = Release;
		};
/* End XCConfigurationList section */

/* Begin XCVersionGroup section */
		CB662B432518D3DC00283249 /* DavidPrototype.xcdatamodeld */ = {
			isa = XCVersionGroup;
			children = (
				CB662B442518D3DC00283249 /* DavidPrototype.xcdatamodel */,
			);
			currentVersion = CB662B442518D3DC00283249 /* DavidPrototype.xcdatamodel */;
			path = DavidPrototype.xcdatamodeld;
			sourceTree = "<group>";
			versionGroupType = wrapper.xcdatamodel;
		};
/* End XCVersionGroup section */
	};
	rootObject = CB662B2F2518D3DC00283249 /* Project object */;
}
